
Microsoft Visual Studio Solution File, Format Version 12.00
# Visual Studio Version 16
VisualStudioVersion = 16.0.30503.244
MinimumVisualStudioVersion = 10.0.40219.1
Project("{9A19103F-16F7-4668-BE54-9A1E7A4F7556}") = "InfoBipDemo1", "InfoBipDemo1\InfoBipDemo1.csproj", "{902F35A7-A4C7-4DBF-8487-1EB698970F3E}"
EndProject
Global
	GlobalSection(SolutionConfigurationPlatforms) = preSolution
		Debug|Any CPU = Debug|Any CPU
		Release|Any CPU = Release|Any CPU
	EndGlobalSection
	GlobalSection(ProjectConfigurationPlatforms) = postSolution
		{902F35A7-A4C7-4DBF-8487-1EB698970F3E}.Debug|Any CPU.ActiveCfg = Debug|Any CPU
		{902F35A7-A4C7-4DBF-8487-1EB698970F3E}.Debug|Any CPU.Build.0 = Debug|Any CPU
		{902F35A7-A4C7-4DBF-8487-1EB698970F3E}.Release|Any CPU.ActiveCfg = Release|Any CPU
		{902F35A7-A4C7-4DBF-8487-1EB698970F3E}.Release|Any CPU.Build.0 = Release|Any CPU
	EndGlobalSection
	GlobalSection(SolutionProperties) = preSolution
		HideSolutionNode = FALSE
	EndGlobalSection
	GlobalSection(ExtensibilityGlobals) = postSolution
		SolutionGuid = {66074302-1748-4EF4-8DDC-D25A9C6606ED}
	EndGlobalSection
EndGlobal
